
Microsoft Visual Studio Solution File, Format Version 12.00
# Visual Studio Version 17
VisualStudioVersion = 17.7.34031.279
MinimumVisualStudioVersion = 10.0.40219.1
Project("{9A19103F-16F7-4668-BE54-9A1E7A4F7556}") = "Lab1", "Lab1\Lab1.csproj", "{D38487E5-0C6C-4CE6-8173-13FDCB4BDBB4}"
	ProjectSection(ProjectDependencies) = postProject
		{47643203-E92C-4B80-99E6-4977C21688A7} = {47643203-E92C-4B80-99E6-4977C21688A7}
	EndProjectSection
EndProject
Project("{2150E333-8FDC-42A3-9474-1A3956D46DE8}") = "1_DataAccess", "1_DataAccess", "{A7C319A3-D7F4-4AC9-B4B0-1B8DEBC028EA}"
EndProject
Project("{9A19103F-16F7-4668-BE54-9A1E7A4F7556}") = "DataAccess", "DataAccess\DataAccess.csproj", "{9852D6DA-FB69-4E80-A8F0-111C30D594F7}"
EndProject
Project("{2150E333-8FDC-42A3-9474-1A3956D46DE8}") = "2_CoreApp", "2_CoreApp", "{86861A04-C33B-4902-B0CA-E497030AC7CB}"
EndProject
Project("{9A19103F-16F7-4668-BE54-9A1E7A4F7556}") = "CoreApp", "CoreApp\CoreApp.csproj", "{47643203-E92C-4B80-99E6-4977C21688A7}"
EndProject
Project("{2150E333-8FDC-42A3-9474-1A3956D46DE8}") = "3_WepApi", "3_WepApi", "{4A39064E-31B0-4F9F-AAFB-49AB15A4C587}"
EndProject
Project("{9A19103F-16F7-4668-BE54-9A1E7A4F7556}") = "WebApi", "WebApi\WebApi.csproj", "{941FF0BD-95F6-4179-81FF-27F6C2BE39ED}"
EndProject
Project("{2150E333-8FDC-42A3-9474-1A3956D46DE8}") = "0_DTOs", "0_DTOs", "{03B5B64E-AC30-45E7-8E78-E8C6BAB8FFA8}"
EndProject
Project("{9A19103F-16F7-4668-BE54-9A1E7A4F7556}") = "DTOs", "DTOs\DTOs.csproj", "{8CEDF1AF-349E-4124-9812-E79F6DDAE46C}"
EndProject
Project("{2150E333-8FDC-42A3-9474-1A3956D46DE8}") = "99_Test", "99_Test", "{3216EE2E-8FC7-447A-A8D9-DA070D5A7D8B}"
EndProject
Project("{2150E333-8FDC-42A3-9474-1A3956D46DE8}") = "4_WebApp", "4_WebApp", "{C055A797-4770-46C9-B270-A0AA9C2016B8}"
EndProject
Project("{9A19103F-16F7-4668-BE54-9A1E7A4F7556}") = "WebApp", "WebApp\WebApp.csproj", "{17209145-0DC2-4425-BE8B-11A79C714AE6}"
EndProject
Global
	GlobalSection(SolutionConfigurationPlatforms) = preSolution
		Debug|Any CPU = Debug|Any CPU
		Release|Any CPU = Release|Any CPU
	EndGlobalSection
	GlobalSection(ProjectConfigurationPlatforms) = postSolution
		{D38487E5-0C6C-4CE6-8173-13FDCB4BDBB4}.Debug|Any CPU.ActiveCfg = Debug|Any CPU
		{D38487E5-0C6C-4CE6-8173-13FDCB4BDBB4}.Debug|Any CPU.Build.0 = Debug|Any CPU
		{D38487E5-0C6C-4CE6-8173-13FDCB4BDBB4}.Release|Any CPU.ActiveCfg = Release|Any CPU
		{D38487E5-0C6C-4CE6-8173-13FDCB4BDBB4}.Release|Any CPU.Build.0 = Release|Any CPU
		{9852D6DA-FB69-4E80-A8F0-111C30D594F7}.Debug|Any CPU.ActiveCfg = Debug|Any CPU
		{9852D6DA-FB69-4E80-A8F0-111C30D594F7}.Debug|Any CPU.Build.0 = Debug|Any CPU
		{9852D6DA-FB69-4E80-A8F0-111C30D594F7}.Release|Any CPU.ActiveCfg = Release|Any CPU
		{9852D6DA-FB69-4E80-A8F0-111C30D594F7}.Release|Any CPU.Build.0 = Release|Any CPU
		{47643203-E92C-4B80-99E6-4977C21688A7}.Debug|Any CPU.ActiveCfg = Debug|Any CPU
		{47643203-E92C-4B80-99E6-4977C21688A7}.Debug|Any CPU.Build.0 = Debug|Any CPU
		{47643203-E92C-4B80-99E6-4977C21688A7}.Release|Any CPU.ActiveCfg = Release|Any CPU
		{47643203-E92C-4B80-99E6-4977C21688A7}.Release|Any CPU.Build.0 = Release|Any CPU
		{941FF0BD-95F6-4179-81FF-27F6C2BE39ED}.Debug|Any CPU.ActiveCfg = Debug|Any CPU
		{941FF0BD-95F6-4179-81FF-27F6C2BE39ED}.Debug|Any CPU.Build.0 = Debug|Any CPU
		{941FF0BD-95F6-4179-81FF-27F6C2BE39ED}.Release|Any CPU.ActiveCfg = Release|Any CPU
		{941FF0BD-95F6-4179-81FF-27F6C2BE39ED}.Release|Any CPU.Build.0 = Release|Any CPU
		{8CEDF1AF-349E-4124-9812-E79F6DDAE46C}.Debug|Any CPU.ActiveCfg = Debug|Any CPU
		{8CEDF1AF-349E-4124-9812-E79F6DDAE46C}.Debug|Any CPU.Build.0 = Debug|Any CPU
		{8CEDF1AF-349E-4124-9812-E79F6DDAE46C}.Release|Any CPU.ActiveCfg = Release|Any CPU
		{8CEDF1AF-349E-4124-9812-E79F6DDAE46C}.Release|Any CPU.Build.0 = Release|Any CPU
		{17209145-0DC2-4425-BE8B-11A79C714AE6}.Debug|Any CPU.ActiveCfg = Debug|Any CPU
		{17209145-0DC2-4425-BE8B-11A79C714AE6}.Debug|Any CPU.Build.0 = Debug|Any CPU
		{17209145-0DC2-4425-BE8B-11A79C714AE6}.Release|Any CPU.ActiveCfg = Release|Any CPU
		{17209145-0DC2-4425-BE8B-11A79C714AE6}.Release|Any CPU.Build.0 = Release|Any CPU
	EndGlobalSection
	GlobalSection(SolutionProperties) = preSolution
		HideSolutionNode = FALSE
	EndGlobalSection
	GlobalSection(NestedProjects) = preSolution
		{D38487E5-0C6C-4CE6-8173-13FDCB4BDBB4} = {3216EE2E-8FC7-447A-A8D9-DA070D5A7D8B}
		{9852D6DA-FB69-4E80-A8F0-111C30D594F7} = {A7C319A3-D7F4-4AC9-B4B0-1B8DEBC028EA}
		{47643203-E92C-4B80-99E6-4977C21688A7} = {86861A04-C33B-4902-B0CA-E497030AC7CB}
		{941FF0BD-95F6-4179-81FF-27F6C2BE39ED} = {4A39064E-31B0-4F9F-AAFB-49AB15A4C587}
		{8CEDF1AF-349E-4124-9812-E79F6DDAE46C} = {03B5B64E-AC30-45E7-8E78-E8C6BAB8FFA8}
		{17209145-0DC2-4425-BE8B-11A79C714AE6} = {C055A797-4770-46C9-B270-A0AA9C2016B8}
	EndGlobalSection
	GlobalSection(ExtensibilityGlobals) = postSolution
		SolutionGuid = {C4359755-35CE-45CF-970D-2333CC64F85B}
	EndGlobalSection
EndGlobal
